
Microsoft Visual Studio Solution File, Format Version 12.00
# Visual Studio Version 17
VisualStudioVersion = 17.4.33110.190
MinimumVisualStudioVersion = 10.0.40219.1
Project("{FAE04EC0-301F-11D3-BF4B-00C04F79EFBC}") = "DotNetFramework", "DotNetFramework\DotNetFramework.csproj", "{01C939A6-C0FE-452B-9582-B086243F2844}"
EndProject
Project("{FAE04EC0-301F-11D3-BF4B-00C04F79EFBC}") = "DotNetFramework.Tests", "DotNetFramework.Tests\DotNetFramework.Tests.csproj", "{B8A95AD0-8207-4513-A1BE-C35FAF61C4A7}"
EndProject
Global
	GlobalSection(SolutionConfigurationPlatforms) = preSolution
		Debug|Any CPU = Debug|Any CPU
		Release|Any CPU = Release|Any CPU
	EndGlobalSection
	GlobalSection(ProjectConfigurationPlatforms) = postSolution
		{01C939A6-C0FE-452B-9582-B086243F2844}.Debug|Any CPU.ActiveCfg = Debug|Any CPU
		{01C939A6-C0FE-452B-9582-B086243F2844}.Debug|Any CPU.Build.0 = Debug|Any CPU
		{01C939A6-C0FE-452B-9582-B086243F2844}.Release|Any CPU.ActiveCfg = Release|Any CPU
		{01C939A6-C0FE-452B-9582-B086243F2844}.Release|Any CPU.Build.0 = Release|Any CPU
		{B8A95AD0-8207-4513-A1BE-C35FAF61C4A7}.Debug|Any CPU.ActiveCfg = Debug|Any CPU
		{B8A95AD0-8207-4513-A1BE-C35FAF61C4A7}.Debug|Any CPU.Build.0 = Debug|Any CPU
		{B8A95AD0-8207-4513-A1BE-C35FAF61C4A7}.Release|Any CPU.ActiveCfg = Release|Any CPU
		{B8A95AD0-8207-4513-A1BE-C35FAF61C4A7}.Release|Any CPU.Build.0 = Release|Any CPU
	EndGlobalSection
	GlobalSection(SolutionProperties) = preSolution
		HideSolutionNode = FALSE
	EndGlobalSection
	GlobalSection(ExtensibilityGlobals) = postSolution
		SolutionGuid = {F17872FC-AC02-4D97-A6FA-E883C1A89A0E}
	EndGlobalSection
EndGlobal
